
Microsoft Visual Studio Solution File, Format Version 12.00
# Visual Studio 14
VisualStudioVersion = 14.0.23107.0
MinimumVisualStudioVersion = 10.0.40219.1
Project("{FAE04EC0-301F-11D3-BF4B-00C04F79EFBC}") = "GitView", "GitView\GitView.csproj", "{026E3AD0-965A-49A9-B008-28FBBD95B6D0}"
	ProjectSection(ProjectDependencies) = postProject
		{B3A18AB1-85AF-48BD-9FE0-286C77A64166} = {B3A18AB1-85AF-48BD-9FE0-286C77A64166}
	EndProjectSection
EndProject
Project("{FAE04EC0-301F-11D3-BF4B-00C04F79EFBC}") = "UserNameClass", "UserNameClass\UserNameClass.csproj", "{B3A18AB1-85AF-48BD-9FE0-286C77A64166}"
EndProject
Global
	GlobalSection(SolutionConfigurationPlatforms) = preSolution
		Debug|Any CPU = Debug|Any CPU
		Release|Any CPU = Release|Any CPU
	EndGlobalSection
	GlobalSection(ProjectConfigurationPlatforms) = postSolution
		{026E3AD0-965A-49A9-B008-28FBBD95B6D0}.Debug|Any CPU.ActiveCfg = Debug|Any CPU
		{026E3AD0-965A-49A9-B008-28FBBD95B6D0}.Debug|Any CPU.Build.0 = Debug|Any CPU
		{026E3AD0-965A-49A9-B008-28FBBD95B6D0}.Release|Any CPU.ActiveCfg = Release|Any CPU
		{026E3AD0-965A-49A9-B008-28FBBD95B6D0}.Release|Any CPU.Build.0 = Release|Any CPU
		{B3A18AB1-85AF-48BD-9FE0-286C77A64166}.Debug|Any CPU.ActiveCfg = Debug|Any CPU
		{B3A18AB1-85AF-48BD-9FE0-286C77A64166}.Debug|Any CPU.Build.0 = Debug|Any CPU
		{B3A18AB1-85AF-48BD-9FE0-286C77A64166}.Release|Any CPU.ActiveCfg = Release|Any CPU
		{B3A18AB1-85AF-48BD-9FE0-286C77A64166}.Release|Any CPU.Build.0 = Release|Any CPU
	EndGlobalSection
	GlobalSection(SolutionProperties) = preSolution
		HideSolutionNode = FALSE
	EndGlobalSection
EndGlobal
